# THIS IS AN AUTOGENERATED FILE. DO NOT EDIT THIS FILE DIRECTLY.
# yarn lockfile v1


"@types/node@^16.11.4":
  version "16.11.4"
  resolved "http://r.tnpm.oa.com/@types%2fnode/-/node-16.11.4.tgz"

"@types/strip-bom@^3.0.0":
  version "3.0.0"
  resolved "http://r.tnpm.oa.com/@types%2fstrip-bom/-/strip-bom-3.0.0.tgz"

"@types/strip-json-comments@0.0.30":
  version "0.0.30"
  resolved "http://r.tnpm.oa.com/@types%2fstrip-json-comments/-/strip-json-comments-0.0.30.tgz"

ansi-regex@^5.0.1:
  version "5.0.1"
  resolved "http://r.tnpm.oa.com/ansi-regex/-/ansi-regex-5.0.1.tgz#082cb2c89c9fe8659a311a53bd6a4dc5301db304"

anymatch@~3.1.2:
  version "3.1.2"
  resolved "http://r.tnpm.oa.com/anymatch/-/anymatch-3.1.2.tgz"
  dependencies:
    normalize-path "^3.0.0"
    picomatch "^2.0.4"

arg@^4.1.0:
  version "4.1.3"
  resolved "http://r.tnpm.oa.com/arg/-/arg-4.1.3.tgz"

balanced-match@^1.0.0:
  version "1.0.2"
  resolved "http://r.tnpm.oa.com/balanced-match/-/balanced-match-1.0.2.tgz"

binary-extensions@^2.0.0:
  version "2.2.0"
  resolved "http://r.tnpm.oa.com/binary-extensions/-/binary-extensions-2.2.0.tgz"

brace-expansion@^1.1.7:
  version "1.1.11"
  resolved "http://r.tnpm.oa.com/brace-expansion/-/brace-expansion-1.1.11.tgz"
  dependencies:
    balanced-match "^1.0.0"
    concat-map "0.0.1"

braces@~3.0.2:
  version "3.0.2"
  resolved "http://r.tnpm.oa.com/braces/-/braces-3.0.2.tgz"
  dependencies:
    fill-range "^7.0.1"

buffer-from@^1.0.0:
  version "1.1.2"
  resolved "http://r.tnpm.oa.com/buffer-from/-/buffer-from-1.1.2.tgz"

chokidar@^3.5.1:
  version "3.5.2"
  resolved "http://r.tnpm.oa.com/chokidar/-/chokidar-3.5.2.tgz"
  dependencies:
    anymatch "~3.1.2"
    braces "~3.0.2"
    glob-parent "~5.1.2"
    is-binary-path "~2.1.0"
    is-glob "~4.0.1"
    normalize-path "~3.0.0"
    readdirp "~3.6.0"
  optionalDependencies:
    fsevents "~2.3.2"

cli-table3@^0.6.0:
  version "0.6.0"
  resolved "http://r.tnpm.oa.com/cli-table3/-/cli-table3-0.6.0.tgz#b7b1bc65ca8e7b5cef9124e13dc2b21e2ce4faee"
  dependencies:
    object-assign "^4.1.0"
    string-width "^4.2.0"
  optionalDependencies:
    colors "^1.1.2"

colors@^1.1.2:
  version "1.4.0"
  resolved "http://r.tnpm.oa.com/colors/-/colors-1.4.0.tgz#c50491479d4c1bdaed2c9ced32cf7c7dc2360f78"

commander@^8.3.0:
  version "8.3.0"
  resolved "http://r.tnpm.oa.com/commander/-/commander-8.3.0.tgz"

concat-map@0.0.1:
  version "0.0.1"
  resolved "http://r.tnpm.oa.com/concat-map/-/concat-map-0.0.1.tgz"

create-require@^1.1.0:
  version "1.1.1"
  resolved "http://r.tnpm.oa.com/create-require/-/create-require-1.1.1.tgz"

diff@^4.0.1:
  version "4.0.2"
  resolved "http://r.tnpm.oa.com/diff/-/diff-4.0.2.tgz"

dynamic-dedupe@^0.3.0:
  version "0.3.0"
  resolved "http://r.tnpm.oa.com/dynamic-dedupe/-/dynamic-dedupe-0.3.0.tgz"
  dependencies:
    xtend "^4.0.0"

emoji-regex@^8.0.0:
  version "8.0.0"
  resolved "http://r.tnpm.oa.com/emoji-regex/-/emoji-regex-8.0.0.tgz#e818fd69ce5ccfcb404594f842963bf53164cc37"

fill-range@^7.0.1:
  version "7.0.1"
  resolved "http://r.tnpm.oa.com/fill-range/-/fill-range-7.0.1.tgz"
  dependencies:
    to-regex-range "^5.0.1"

fs.realpath@^1.0.0:
  version "1.0.0"
  resolved "http://r.tnpm.oa.com/fs.realpath/-/fs.realpath-1.0.0.tgz"

fsevents@~2.3.2:
  version "2.3.2"
  resolved "http://r.tnpm.oa.com/fsevents/-/fsevents-2.3.2.tgz"

function-bind@^1.1.1:
  version "1.1.1"
  resolved "http://r.tnpm.oa.com/function-bind/-/function-bind-1.1.1.tgz"

glob-parent@~5.1.2:
  version "5.1.2"
  resolved "http://r.tnpm.oa.com/glob-parent/-/glob-parent-5.1.2.tgz"
  dependencies:
    is-glob "^4.0.1"

glob@^7.1.3:
  version "7.2.0"
  resolved "http://r.tnpm.oa.com/glob/-/glob-7.2.0.tgz"
  dependencies:
    fs.realpath "^1.0.0"
    inflight "^1.0.4"
    inherits "2"
    minimatch "^3.0.4"
    once "^1.3.0"
    path-is-absolute "^1.0.0"

has@^1.0.3:
  version "1.0.3"
  resolved "http://r.tnpm.oa.com/has/-/has-1.0.3.tgz"
  dependencies:
    function-bind "^1.1.1"

inflight@^1.0.4:
  version "1.0.6"
  resolved "http://r.tnpm.oa.com/inflight/-/inflight-1.0.6.tgz"
  dependencies:
    once "^1.3.0"
    wrappy "1"

inherits@2:
  version "2.0.4"
  resolved "http://r.tnpm.oa.com/inherits/-/inherits-2.0.4.tgz"

is-binary-path@~2.1.0:
  version "2.1.0"
  resolved "http://r.tnpm.oa.com/is-binary-path/-/is-binary-path-2.1.0.tgz"
  dependencies:
    binary-extensions "^2.0.0"

is-core-module@^2.2.0:
  version "2.8.0"
  resolved "http://r.tnpm.oa.com/is-core-module/-/is-core-module-2.8.0.tgz"
  dependencies:
    has "^1.0.3"

is-extglob@^2.1.1:
  version "2.1.1"
  resolved "http://r.tnpm.oa.com/is-extglob/-/is-extglob-2.1.1.tgz"

is-fullwidth-code-point@^3.0.0:
  version "3.0.0"
  resolved "http://r.tnpm.oa.com/is-fullwidth-code-point/-/is-fullwidth-code-point-3.0.0.tgz#f116f8064fe90b3f7844a38997c0b75051269f1d"

is-glob@^4.0.1, is-glob@~4.0.1:
  version "4.0.3"
  resolved "http://r.tnpm.oa.com/is-glob/-/is-glob-4.0.3.tgz"
  dependencies:
    is-extglob "^2.1.1"

is-number@^7.0.0:
  version "7.0.0"
  resolved "http://r.tnpm.oa.com/is-number/-/is-number-7.0.0.tgz"

make-error@^1.1.1:
  version "1.3.6"
  resolved "http://r.tnpm.oa.com/make-error/-/make-error-1.3.6.tgz"

minimatch@^3.0.4:
  version "3.0.4"
  resolved "http://r.tnpm.oa.com/minimatch/-/minimatch-3.0.4.tgz"
  dependencies:
    brace-expansion "^1.1.7"

minimist@^1.2.5:
  version "1.2.5"
  resolved "http://r.tnpm.oa.com/minimist/-/minimist-1.2.5.tgz"

mkdirp@^1.0.4:
  version "1.0.4"
  resolved "http://r.tnpm.oa.com/mkdirp/-/mkdirp-1.0.4.tgz"

normalize-path@^3.0.0, normalize-path@~3.0.0:
  version "3.0.0"
  resolved "http://r.tnpm.oa.com/normalize-path/-/normalize-path-3.0.0.tgz"

object-assign@^4.1.0:
  version "4.1.1"
  resolved "http://r.tnpm.oa.com/object-assign/-/object-assign-4.1.1.tgz#2109adc7965887cfc05cbbd442cac8bfbb360863"

once@^1.3.0:
  version "1.4.0"
  resolved "http://r.tnpm.oa.com/once/-/once-1.4.0.tgz"
  dependencies:
    wrappy "1"

path-is-absolute@^1.0.0:
  version "1.0.1"
  resolved "http://r.tnpm.oa.com/path-is-absolute/-/path-is-absolute-1.0.1.tgz"

path-parse@^1.0.6:
  version "1.0.7"
  resolved "http://r.tnpm.oa.com/path-parse/-/path-parse-1.0.7.tgz"

picomatch@^2.0.4, picomatch@^2.2.1:
  version "2.3.0"
  resolved "http://r.tnpm.oa.com/picomatch/-/picomatch-2.3.0.tgz"

readdirp@~3.6.0:
  version "3.6.0"
  resolved "http://r.tnpm.oa.com/readdirp/-/readdirp-3.6.0.tgz"
  dependencies:
    picomatch "^2.2.1"

resolve@^1.0.0:
  version "1.20.0"
  resolved "http://r.tnpm.oa.com/resolve/-/resolve-1.20.0.tgz"
  dependencies:
    is-core-module "^2.2.0"
    path-parse "^1.0.6"

rimraf@^2.6.1:
  version "2.7.1"
  resolved "http://r.tnpm.oa.com/rimraf/-/rimraf-2.7.1.tgz"
  dependencies:
    glob "^7.1.3"

source-map-support@^0.5.12, source-map-support@^0.5.17:
  version "0.5.20"
  resolved "http://r.tnpm.oa.com/source-map-support/-/source-map-support-0.5.20.tgz"
  dependencies:
    buffer-from "^1.0.0"
    source-map "^0.6.0"

source-map@^0.6.0:
  version "0.6.1"
  resolved "http://r.tnpm.oa.com/source-map/-/source-map-0.6.1.tgz"

string-width@^4.2.0:
  version "4.2.3"
  resolved "http://r.tnpm.oa.com/string-width/-/string-width-4.2.3.tgz#269c7117d27b05ad2e536830a8ec895ef9c6d010"
  dependencies:
    emoji-regex "^8.0.0"
    is-fullwidth-code-point "^3.0.0"
    strip-ansi "^6.0.1"

strip-ansi@^6.0.1:
  version "6.0.1"
  resolved "http://r.tnpm.oa.com/strip-ansi/-/strip-ansi-6.0.1.tgz#9e26c63d30f53443e9489495b2105d37b67a85d9"
  dependencies:
    ansi-regex "^5.0.1"

strip-bom@^3.0.0:
  version "3.0.0"
  resolved "http://r.tnpm.oa.com/strip-bom/-/strip-bom-3.0.0.tgz"

strip-json-comments@^2.0.0:
  version "2.0.1"
  resolved "http://r.tnpm.oa.com/strip-json-comments/-/strip-json-comments-2.0.1.tgz"

to-regex-range@^5.0.1:
  version "5.0.1"
  resolved "http://r.tnpm.oa.com/to-regex-range/-/to-regex-range-5.0.1.tgz"
  dependencies:
    is-number "^7.0.0"

tree-kill@^1.2.2:
  version "1.2.2"
  resolved "http://r.tnpm.oa.com/tree-kill/-/tree-kill-1.2.2.tgz"

ts-node-dev@^1.1.8:
  version "1.1.8"
  resolved "http://r.tnpm.oa.com/ts-node-dev/-/ts-node-dev-1.1.8.tgz"
  dependencies:
    chokidar "^3.5.1"
    dynamic-dedupe "^0.3.0"
    minimist "^1.2.5"
    mkdirp "^1.0.4"
    resolve "^1.0.0"
    rimraf "^2.6.1"
    source-map-support "^0.5.12"
    tree-kill "^1.2.2"
    ts-node "^9.0.0"
    tsconfig "^7.0.0"

ts-node@^9.0.0:
  version "9.1.1"
  resolved "http://r.tnpm.oa.com/ts-node/-/ts-node-9.1.1.tgz"
  dependencies:
    arg "^4.1.0"
    create-require "^1.1.0"
    diff "^4.0.1"
    make-error "^1.1.1"
    source-map-support "^0.5.17"
    yn "3.1.1"

tsc@^2.0.3:
  version "2.0.3"
  resolved "http://r.tnpm.oa.com/tsc/-/tsc-2.0.3.tgz"

tsconfig@^7.0.0:
  version "7.0.0"
  resolved "http://r.tnpm.oa.com/tsconfig/-/tsconfig-7.0.0.tgz"
  dependencies:
    "@types/strip-bom" "^3.0.0"
    "@types/strip-json-comments" "0.0.30"
    strip-bom "^3.0.0"
    strip-json-comments "^2.0.0"

typescript@^4.4.4:
  version "4.4.4"
  resolved "http://r.tnpm.oa.com/typescript/-/typescript-4.4.4.tgz"

wrappy@1:
  version "1.0.2"
  resolved "http://r.tnpm.oa.com/wrappy/-/wrappy-1.0.2.tgz"

xtend@^4.0.0:
  version "4.0.2"
  resolved "http://r.tnpm.oa.com/xtend/-/xtend-4.0.2.tgz"

yn@3.1.1:
  version "3.1.1"
  resolved "http://r.tnpm.oa.com/yn/-/yn-3.1.1.tgz"
